
Microsoft Visual Studio Solution File, Format Version 12.00
# Visual Studio Version 17
VisualStudioVersion = 17.5.002.0
MinimumVisualStudioVersion = 10.0.40219.1
Project("{9A19103F-16F7-4668-BE54-9A1E7A4F7556}") = "pax.BlatzorChartJs.pwtests", "pax.BlatzorChartJs.pwtests.csproj", "{BC1CE1E3-2E1B-4846-ABDB-AEE2E1DA59E6}"
EndProject
Global
	GlobalSection(SolutionConfigurationPlatforms) = preSolution
		Debug|Any CPU = Debug|Any CPU
		Release|Any CPU = Release|Any CPU
	EndGlobalSection
	GlobalSection(ProjectConfigurationPlatforms) = postSolution
		{BC1CE1E3-2E1B-4846-ABDB-AEE2E1DA59E6}.Debug|Any CPU.ActiveCfg = Debug|Any CPU
		{BC1CE1E3-2E1B-4846-ABDB-AEE2E1DA59E6}.Debug|Any CPU.Build.0 = Debug|Any CPU
		{BC1CE1E3-2E1B-4846-ABDB-AEE2E1DA59E6}.Release|Any CPU.ActiveCfg = Release|Any CPU
		{BC1CE1E3-2E1B-4846-ABDB-AEE2E1DA59E6}.Release|Any CPU.Build.0 = Release|Any CPU
	EndGlobalSection
	GlobalSection(SolutionProperties) = preSolution
		HideSolutionNode = FALSE
	EndGlobalSection
	GlobalSection(ExtensibilityGlobals) = postSolution
		SolutionGuid = {765A5989-1DBE-40CE-B80C-EAB0501191E9}
	EndGlobalSection
EndGlobal
