
Microsoft Visual Studio Solution File, Format Version 12.00
# Visual Studio Version 16
VisualStudioVersion = 16.0.30114.105
MinimumVisualStudioVersion = 10.0.40219.1
Project("{2150E333-8FDC-42A3-9474-1A3956D46DE8}") = "src", "src", "{58C50EF5-F4D6-4CB4-B84C-39C2D6FF8E9C}"
EndProject
Project("{FAE04EC0-301F-11D3-BF4B-00C04F79EFBC}") = "pax.BlazorChartJs", "src\pax.BlazorChartJs\pax.BlazorChartJs.csproj", "{0E79F862-BBDD-4067-8F96-52BACCC35783}"
EndProject
Global
	GlobalSection(SolutionConfigurationPlatforms) = preSolution
		Debug|Any CPU = Debug|Any CPU
		Release|Any CPU = Release|Any CPU
	EndGlobalSection
	GlobalSection(SolutionProperties) = preSolution
		HideSolutionNode = FALSE
	EndGlobalSection
	GlobalSection(ProjectConfigurationPlatforms) = postSolution
		{0E79F862-BBDD-4067-8F96-52BACCC35783}.Debug|Any CPU.ActiveCfg = Debug|Any CPU
		{0E79F862-BBDD-4067-8F96-52BACCC35783}.Debug|Any CPU.Build.0 = Debug|Any CPU
		{0E79F862-BBDD-4067-8F96-52BACCC35783}.Release|Any CPU.ActiveCfg = Release|Any CPU
		{0E79F862-BBDD-4067-8F96-52BACCC35783}.Release|Any CPU.Build.0 = Release|Any CPU
	EndGlobalSection
	GlobalSection(NestedProjects) = preSolution
		{0E79F862-BBDD-4067-8F96-52BACCC35783} = {58C50EF5-F4D6-4CB4-B84C-39C2D6FF8E9C}
	EndGlobalSection
EndGlobal
