Microsoft Visual Studio Solution File, Format Version 12.00
# Visual Studio Version 17
VisualStudioVersion = 17.5.2.0
MinimumVisualStudioVersion = 10.0.40219.1
Project("{FAE04EC0-301F-11D3-BF4B-00C04F79EFBC}") = "pax.BlazorChartJs.pwtests", "pax.BlazorChartJs.pwtests.csproj", "{8DE29989-9BFC-4976-9D9D-A6FE3D162FD9}"
EndProject
Global
	GlobalSection(SolutionConfigurationPlatforms) = preSolution
		Debug|Any CPU = Debug|Any CPU
		Release|Any CPU = Release|Any CPU
	EndGlobalSection
	GlobalSection(ProjectConfigurationPlatforms) = postSolution
		{8DE29989-9BFC-4976-9D9D-A6FE3D162FD9}.Debug|Any CPU.ActiveCfg = Debug|Any CPU
		{8DE29989-9BFC-4976-9D9D-A6FE3D162FD9}.Debug|Any CPU.Build.0 = Debug|Any CPU
		{8DE29989-9BFC-4976-9D9D-A6FE3D162FD9}.Release|Any CPU.ActiveCfg = Release|Any CPU
		{8DE29989-9BFC-4976-9D9D-A6FE3D162FD9}.Release|Any CPU.Build.0 = Release|Any CPU
	EndGlobalSection
	GlobalSection(SolutionProperties) = preSolution
		HideSolutionNode = FALSE
	EndGlobalSection
	GlobalSection(ExtensibilityGlobals) = postSolution
		SolutionGuid = {BF53A8BD-E2F0-41D4-BC3F-17105F6750D8}
	EndGlobalSection
EndGlobal
