
Microsoft Visual Studio Solution File, Format Version 12.00
# Visual Studio Version 17
VisualStudioVersion = 17.5.2.0
MinimumVisualStudioVersion = 10.0.40219.1
Project("{FAE04EC0-301F-11D3-BF4B-00C04F79EFBC}") = "pax.BlazorChartJs.pwatest", "pax.BlazorChartJs.pwatest.csproj", "{3596AF14-E647-B1B5-6CFC-AF23A15078CB}"
EndProject
Project("{FAE04EC0-301F-11D3-BF4B-00C04F79EFBC}") = "pax.BlazorChartJs", "..\pax.BlazorChartJs\pax.BlazorChartJs.csproj", "{007EC41C-F5B6-4E7C-85F1-C9B8E9157775}"
EndProject
Project("{FAE04EC0-301F-11D3-BF4B-00C04F79EFBC}") = "pax.BlazorChartJs.samplelib", "..\pax.BlazorChartJs.samplelib\pax.BlazorChartJs.samplelib.csproj", "{E19CDC39-4DD2-46C1-9E3D-1A445382C9E7}"
EndProject
Global
	GlobalSection(SolutionConfigurationPlatforms) = preSolution
		Debug|Any CPU = Debug|Any CPU
		Debug|x64 = Debug|x64
		Debug|x86 = Debug|x86
		Release|Any CPU = Release|Any CPU
		Release|x64 = Release|x64
		Release|x86 = Release|x86
	EndGlobalSection
	GlobalSection(ProjectConfigurationPlatforms) = postSolution
		{3596AF14-E647-B1B5-6CFC-AF23A15078CB}.Debug|Any CPU.ActiveCfg = Debug|Any CPU
		{3596AF14-E647-B1B5-6CFC-AF23A15078CB}.Debug|Any CPU.Build.0 = Debug|Any CPU
		{3596AF14-E647-B1B5-6CFC-AF23A15078CB}.Debug|x64.ActiveCfg = Debug|Any CPU
		{3596AF14-E647-B1B5-6CFC-AF23A15078CB}.Debug|x64.Build.0 = Debug|Any CPU
		{3596AF14-E647-B1B5-6CFC-AF23A15078CB}.Debug|x86.ActiveCfg = Debug|Any CPU
		{3596AF14-E647-B1B5-6CFC-AF23A15078CB}.Debug|x86.Build.0 = Debug|Any CPU
		{3596AF14-E647-B1B5-6CFC-AF23A15078CB}.Release|Any CPU.ActiveCfg = Release|Any CPU
		{3596AF14-E647-B1B5-6CFC-AF23A15078CB}.Release|Any CPU.Build.0 = Release|Any CPU
		{3596AF14-E647-B1B5-6CFC-AF23A15078CB}.Release|x64.ActiveCfg = Release|Any CPU
		{3596AF14-E647-B1B5-6CFC-AF23A15078CB}.Release|x64.Build.0 = Release|Any CPU
		{3596AF14-E647-B1B5-6CFC-AF23A15078CB}.Release|x86.ActiveCfg = Release|Any CPU
		{3596AF14-E647-B1B5-6CFC-AF23A15078CB}.Release|x86.Build.0 = Release|Any CPU
		{007EC41C-F5B6-4E7C-85F1-C9B8E9157775}.Debug|Any CPU.ActiveCfg = Debug|Any CPU
		{007EC41C-F5B6-4E7C-85F1-C9B8E9157775}.Debug|Any CPU.Build.0 = Debug|Any CPU
		{007EC41C-F5B6-4E7C-85F1-C9B8E9157775}.Debug|x64.ActiveCfg = Debug|Any CPU
		{007EC41C-F5B6-4E7C-85F1-C9B8E9157775}.Debug|x64.Build.0 = Debug|Any CPU
		{007EC41C-F5B6-4E7C-85F1-C9B8E9157775}.Debug|x86.ActiveCfg = Debug|Any CPU
		{007EC41C-F5B6-4E7C-85F1-C9B8E9157775}.Debug|x86.Build.0 = Debug|Any CPU
		{007EC41C-F5B6-4E7C-85F1-C9B8E9157775}.Release|Any CPU.ActiveCfg = Release|Any CPU
		{007EC41C-F5B6-4E7C-85F1-C9B8E9157775}.Release|Any CPU.Build.0 = Release|Any CPU
		{007EC41C-F5B6-4E7C-85F1-C9B8E9157775}.Release|x64.ActiveCfg = Release|Any CPU
		{007EC41C-F5B6-4E7C-85F1-C9B8E9157775}.Release|x64.Build.0 = Release|Any CPU
		{007EC41C-F5B6-4E7C-85F1-C9B8E9157775}.Release|x86.ActiveCfg = Release|Any CPU
		{007EC41C-F5B6-4E7C-85F1-C9B8E9157775}.Release|x86.Build.0 = Release|Any CPU
		{E19CDC39-4DD2-46C1-9E3D-1A445382C9E7}.Debug|Any CPU.ActiveCfg = Debug|Any CPU
		{E19CDC39-4DD2-46C1-9E3D-1A445382C9E7}.Debug|Any CPU.Build.0 = Debug|Any CPU
		{E19CDC39-4DD2-46C1-9E3D-1A445382C9E7}.Debug|x64.ActiveCfg = Debug|Any CPU
		{E19CDC39-4DD2-46C1-9E3D-1A445382C9E7}.Debug|x64.Build.0 = Debug|Any CPU
		{E19CDC39-4DD2-46C1-9E3D-1A445382C9E7}.Debug|x86.ActiveCfg = Debug|Any CPU
		{E19CDC39-4DD2-46C1-9E3D-1A445382C9E7}.Debug|x86.Build.0 = Debug|Any CPU
		{E19CDC39-4DD2-46C1-9E3D-1A445382C9E7}.Release|Any CPU.ActiveCfg = Release|Any CPU
		{E19CDC39-4DD2-46C1-9E3D-1A445382C9E7}.Release|Any CPU.Build.0 = Release|Any CPU
		{E19CDC39-4DD2-46C1-9E3D-1A445382C9E7}.Release|x64.ActiveCfg = Release|Any CPU
		{E19CDC39-4DD2-46C1-9E3D-1A445382C9E7}.Release|x64.Build.0 = Release|Any CPU
		{E19CDC39-4DD2-46C1-9E3D-1A445382C9E7}.Release|x86.ActiveCfg = Release|Any CPU
		{E19CDC39-4DD2-46C1-9E3D-1A445382C9E7}.Release|x86.Build.0 = Release|Any CPU
	EndGlobalSection
	GlobalSection(SolutionProperties) = preSolution
		HideSolutionNode = FALSE
	EndGlobalSection
	GlobalSection(ExtensibilityGlobals) = postSolution
		SolutionGuid = {45D74DFD-50B3-4217-BE09-CC3F8357A5DF}
	EndGlobalSection
EndGlobal
