
Microsoft Visual Studio Solution File, Format Version 12.00
# Visual Studio Version 17
VisualStudioVersion = 17.0.31903.59
MinimumVisualStudioVersion = 10.0.40219.1
Project("{9A19103F-16F7-4668-BE54-9A1E7A4F7556}") = "pax.BlazorChartJs.wasmtest", "pax.BlazorChartJs.wasmtest.csproj", "{31210D00-69B4-497E-BECE-3780F740DF5D}"
EndProject
Project("{9A19103F-16F7-4668-BE54-9A1E7A4F7556}") = "pax.BlazorChartJs", "..\pax.BlazorChartJs\pax.BlazorChartJs.csproj", "{FD1E3299-EA60-4C60-A18E-3A28A795E58F}"
EndProject
Project("{9A19103F-16F7-4668-BE54-9A1E7A4F7556}") = "pax.BlazorChartJs.samplelib", "..\pax.BlazorChartJs.samplelib\pax.BlazorChartJs.samplelib.csproj", "{22217095-5EDD-4406-A70B-2ABAD2D83585}"
EndProject
Global
	GlobalSection(SolutionConfigurationPlatforms) = preSolution
		Debug|Any CPU = Debug|Any CPU
		Release|Any CPU = Release|Any CPU
	EndGlobalSection
	GlobalSection(ProjectConfigurationPlatforms) = postSolution
		{31210D00-69B4-497E-BECE-3780F740DF5D}.Debug|Any CPU.ActiveCfg = Debug|Any CPU
		{31210D00-69B4-497E-BECE-3780F740DF5D}.Debug|Any CPU.Build.0 = Debug|Any CPU
		{31210D00-69B4-497E-BECE-3780F740DF5D}.Release|Any CPU.ActiveCfg = Release|Any CPU
		{31210D00-69B4-497E-BECE-3780F740DF5D}.Release|Any CPU.Build.0 = Release|Any CPU
		{FD1E3299-EA60-4C60-A18E-3A28A795E58F}.Debug|Any CPU.ActiveCfg = Debug|Any CPU
		{FD1E3299-EA60-4C60-A18E-3A28A795E58F}.Debug|Any CPU.Build.0 = Debug|Any CPU
		{FD1E3299-EA60-4C60-A18E-3A28A795E58F}.Release|Any CPU.ActiveCfg = Release|Any CPU
		{FD1E3299-EA60-4C60-A18E-3A28A795E58F}.Release|Any CPU.Build.0 = Release|Any CPU
		{22217095-5EDD-4406-A70B-2ABAD2D83585}.Debug|Any CPU.ActiveCfg = Debug|Any CPU
		{22217095-5EDD-4406-A70B-2ABAD2D83585}.Debug|Any CPU.Build.0 = Debug|Any CPU
		{22217095-5EDD-4406-A70B-2ABAD2D83585}.Release|Any CPU.ActiveCfg = Release|Any CPU
		{22217095-5EDD-4406-A70B-2ABAD2D83585}.Release|Any CPU.Build.0 = Release|Any CPU
	EndGlobalSection
	GlobalSection(SolutionProperties) = preSolution
		HideSolutionNode = FALSE
	EndGlobalSection
	GlobalSection(ExtensibilityGlobals) = postSolution
		SolutionGuid = {C8412008-BE11-4471-8D4E-2CD58940B66F}
	EndGlobalSection
EndGlobal
