Microsoft Visual Studio Solution File, Format Version 12.00
# Visual Studio Version 17
VisualStudioVersion = 17.5.2.0
MinimumVisualStudioVersion = 10.0.40219.1
Project("{FAE04EC0-301F-11D3-BF4B-00C04F79EFBC}") = "pax.BlazorChartJs.samplelib", "pax.BlazorChartJs.samplelib.csproj", "{5D3A83A8-6BC0-DF4B-D38D-8AB5AD062A99}"
EndProject
Global
	GlobalSection(SolutionConfigurationPlatforms) = preSolution
		Debug|Any CPU = Debug|Any CPU
		Release|Any CPU = Release|Any CPU
	EndGlobalSection
	GlobalSection(ProjectConfigurationPlatforms) = postSolution
		{5D3A83A8-6BC0-DF4B-D38D-8AB5AD062A99}.Debug|Any CPU.ActiveCfg = Debug|Any CPU
		{5D3A83A8-6BC0-DF4B-D38D-8AB5AD062A99}.Debug|Any CPU.Build.0 = Debug|Any CPU
		{5D3A83A8-6BC0-DF4B-D38D-8AB5AD062A99}.Release|Any CPU.ActiveCfg = Release|Any CPU
		{5D3A83A8-6BC0-DF4B-D38D-8AB5AD062A99}.Release|Any CPU.Build.0 = Release|Any CPU
	EndGlobalSection
	GlobalSection(SolutionProperties) = preSolution
		HideSolutionNode = FALSE
	EndGlobalSection
	GlobalSection(ExtensibilityGlobals) = postSolution
		SolutionGuid = {70CC1207-737C-428A-8053-E7994392BC10}
	EndGlobalSection
EndGlobal
