
Microsoft Visual Studio Solution File, Format Version 12.00
# Visual Studio Version 17
VisualStudioVersion = 17.8.34316.72
MinimumVisualStudioVersion = 10.0.40219.1
Project("{9A19103F-16F7-4668-BE54-9A1E7A4F7556}") = "pax.BlazorChartJs.wasmtest", "pax.BlazorChartJs.wasmtest\pax.BlazorChartJs.wasmtest.csproj", "{3F6D69A0-DBC6-4A59-815A-7B7DFB2447F1}"
EndProject
Project("{9A19103F-16F7-4668-BE54-9A1E7A4F7556}") = "pax.BlazorChartJs.samplelib", "pax.BlazorChartJs.samplelib\pax.BlazorChartJs.samplelib.csproj", "{F0ED9B7E-1A37-4DCE-AE62-564E8A14BC22}"
EndProject
Project("{9A19103F-16F7-4668-BE54-9A1E7A4F7556}") = "pax.BlazorChartJs", "pax.BlazorChartJs\pax.BlazorChartJs.csproj", "{BFF7EA5E-4D32-48E4-BC28-7C7A1DF87AB0}"
EndProject
Project("{9A19103F-16F7-4668-BE54-9A1E7A4F7556}") = "pax.BlatzorChartJs.pwtests", "..\tests\pax.BlatzorChartJs.pwtests\pax.BlatzorChartJs.pwtests.csproj", "{9A0F4DBB-6347-476C-B9DE-48872E5B7FA5}"
EndProject
Global
	GlobalSection(SolutionConfigurationPlatforms) = preSolution
		Debug|Any CPU = Debug|Any CPU
		Release|Any CPU = Release|Any CPU
	EndGlobalSection
	GlobalSection(ProjectConfigurationPlatforms) = postSolution
		{3F6D69A0-DBC6-4A59-815A-7B7DFB2447F1}.Debug|Any CPU.ActiveCfg = Debug|Any CPU
		{3F6D69A0-DBC6-4A59-815A-7B7DFB2447F1}.Debug|Any CPU.Build.0 = Debug|Any CPU
		{3F6D69A0-DBC6-4A59-815A-7B7DFB2447F1}.Release|Any CPU.ActiveCfg = Release|Any CPU
		{3F6D69A0-DBC6-4A59-815A-7B7DFB2447F1}.Release|Any CPU.Build.0 = Release|Any CPU
		{F0ED9B7E-1A37-4DCE-AE62-564E8A14BC22}.Debug|Any CPU.ActiveCfg = Debug|Any CPU
		{F0ED9B7E-1A37-4DCE-AE62-564E8A14BC22}.Debug|Any CPU.Build.0 = Debug|Any CPU
		{F0ED9B7E-1A37-4DCE-AE62-564E8A14BC22}.Release|Any CPU.ActiveCfg = Release|Any CPU
		{F0ED9B7E-1A37-4DCE-AE62-564E8A14BC22}.Release|Any CPU.Build.0 = Release|Any CPU
		{BFF7EA5E-4D32-48E4-BC28-7C7A1DF87AB0}.Debug|Any CPU.ActiveCfg = Debug|Any CPU
		{BFF7EA5E-4D32-48E4-BC28-7C7A1DF87AB0}.Debug|Any CPU.Build.0 = Debug|Any CPU
		{BFF7EA5E-4D32-48E4-BC28-7C7A1DF87AB0}.Release|Any CPU.ActiveCfg = Release|Any CPU
		{BFF7EA5E-4D32-48E4-BC28-7C7A1DF87AB0}.Release|Any CPU.Build.0 = Release|Any CPU
		{9A0F4DBB-6347-476C-B9DE-48872E5B7FA5}.Debug|Any CPU.ActiveCfg = Debug|Any CPU
		{9A0F4DBB-6347-476C-B9DE-48872E5B7FA5}.Debug|Any CPU.Build.0 = Debug|Any CPU
		{9A0F4DBB-6347-476C-B9DE-48872E5B7FA5}.Release|Any CPU.ActiveCfg = Release|Any CPU
		{9A0F4DBB-6347-476C-B9DE-48872E5B7FA5}.Release|Any CPU.Build.0 = Release|Any CPU
	EndGlobalSection
	GlobalSection(SolutionProperties) = preSolution
		HideSolutionNode = FALSE
	EndGlobalSection
	GlobalSection(ExtensibilityGlobals) = postSolution
		SolutionGuid = {BCAE0A42-61FA-4297-BDE2-3769B2B6E672}
	EndGlobalSection
EndGlobal
